
Microsoft Visual Studio Solution File, Format Version 12.00
# Visual Studio 2013
VisualStudioVersion = 12.0.30723.0
MinimumVisualStudioVersion = 10.0.40219.1
Project("{FAE04EC0-301F-11D3-BF4B-00C04F79EFBC}") = "MusicCompany", "MusicCompany\MusicCompany.csproj", "{E9C51567-61CD-416C-88C2-E274A2AFC8B9}"
EndProject
Global
	GlobalSection(SolutionConfigurationPlatforms) = preSolution
		Debug|Any CPU = Debug|Any CPU
		Release|Any CPU = Release|Any CPU
	EndGlobalSection
	GlobalSection(ProjectConfigurationPlatforms) = postSolution
		{E9C51567-61CD-416C-88C2-E274A2AFC8B9}.Debug|Any CPU.ActiveCfg = Debug|Any CPU
		{E9C51567-61CD-416C-88C2-E274A2AFC8B9}.Debug|Any CPU.Build.0 = Debug|Any CPU
		{E9C51567-61CD-416C-88C2-E274A2AFC8B9}.Release|Any CPU.ActiveCfg = Release|Any CPU
		{E9C51567-61CD-416C-88C2-E274A2AFC8B9}.Release|Any CPU.Build.0 = Release|Any CPU
	EndGlobalSection
	GlobalSection(SolutionProperties) = preSolution
		HideSolutionNode = FALSE
	EndGlobalSection
EndGlobal
